
Microsoft Visual Studio Solution File, Format Version 12.00
Project("{FAE04EC0-301F-11D3-BF4B-00C04F79EFBC}") = "2024", "2024.csproj", "{1FD487A0-C165-44F8-B40A-56051808709D}"
EndProject
Global
	GlobalSection(SolutionConfigurationPlatforms) = preSolution
		Debug|Any CPU = Debug|Any CPU
		Release|Any CPU = Release|Any CPU
	EndGlobalSection
	GlobalSection(ProjectConfigurationPlatforms) = postSolution
		{1FD487A0-C165-44F8-B40A-56051808709D}.Debug|Any CPU.ActiveCfg = Debug|Any CPU
		{1FD487A0-C165-44F8-B40A-56051808709D}.Debug|Any CPU.Build.0 = Debug|Any CPU
		{1FD487A0-C165-44F8-B40A-56051808709D}.Release|Any CPU.ActiveCfg = Release|Any CPU
		{1FD487A0-C165-44F8-B40A-56051808709D}.Release|Any CPU.Build.0 = Release|Any CPU
	EndGlobalSection
EndGlobal
